
Microsoft Visual Studio Solution File, Format Version 12.00
# Visual Studio Version 17
VisualStudioVersion = 17.0.31903.59
MinimumVisualStudioVersion = 10.0.40219.1
Project("{9A19103F-16F7-4668-BE54-9A1E7A4F7556}") = "AdventOfCode2022", "AdventOfCode\AdventOfCode2022.csproj", "{50C99FEB-73E2-40DD-9187-EDC422580945}"
EndProject
Project("{FAE04EC0-301F-11D3-BF4B-00C04F79EFBC}") = "AdventOfCode2021", "AdventOfCode2021\AdventOfCode2021.csproj", "{315C1186-DABE-4D1E-8114-AD75C69CAB8C}"
EndProject
Global
	GlobalSection(SolutionConfigurationPlatforms) = preSolution
		Debug|Any CPU = Debug|Any CPU
		Release|Any CPU = Release|Any CPU
	EndGlobalSection
	GlobalSection(ProjectConfigurationPlatforms) = postSolution
		{50C99FEB-73E2-40DD-9187-EDC422580945}.Debug|Any CPU.ActiveCfg = Debug|Any CPU
		{50C99FEB-73E2-40DD-9187-EDC422580945}.Debug|Any CPU.Build.0 = Debug|Any CPU
		{50C99FEB-73E2-40DD-9187-EDC422580945}.Release|Any CPU.ActiveCfg = Release|Any CPU
		{50C99FEB-73E2-40DD-9187-EDC422580945}.Release|Any CPU.Build.0 = Release|Any CPU
		{315C1186-DABE-4D1E-8114-AD75C69CAB8C}.Debug|Any CPU.ActiveCfg = Debug|Any CPU
		{315C1186-DABE-4D1E-8114-AD75C69CAB8C}.Debug|Any CPU.Build.0 = Debug|Any CPU
		{315C1186-DABE-4D1E-8114-AD75C69CAB8C}.Release|Any CPU.ActiveCfg = Release|Any CPU
		{315C1186-DABE-4D1E-8114-AD75C69CAB8C}.Release|Any CPU.Build.0 = Release|Any CPU
	EndGlobalSection
	GlobalSection(SolutionProperties) = preSolution
		HideSolutionNode = FALSE
	EndGlobalSection
	GlobalSection(ExtensibilityGlobals) = postSolution
		SolutionGuid = {3BE07821-04F7-4F60-8BF7-509DBD26F96F}
	EndGlobalSection
EndGlobal
